
Microsoft Visual Studio Solution File, Format Version 12.00
# Visual Studio Version 17
VisualStudioVersion = 17.4.33213.308
MinimumVisualStudioVersion = 10.0.40219.1
Project("{FAE04EC0-301F-11D3-BF4B-00C04F79EFBC}") = "interfaceLab", "interfaceLab\interfaceLab.csproj", "{4205DD6D-549A-4A53-BA33-25BE1F79F31F}"
EndProject
Global
	GlobalSection(SolutionConfigurationPlatforms) = preSolution
		Debug|Any CPU = Debug|Any CPU
		Release|Any CPU = Release|Any CPU
	EndGlobalSection
	GlobalSection(ProjectConfigurationPlatforms) = postSolution
		{4205DD6D-549A-4A53-BA33-25BE1F79F31F}.Debug|Any CPU.ActiveCfg = Debug|Any CPU
		{4205DD6D-549A-4A53-BA33-25BE1F79F31F}.Debug|Any CPU.Build.0 = Debug|Any CPU
		{4205DD6D-549A-4A53-BA33-25BE1F79F31F}.Release|Any CPU.ActiveCfg = Release|Any CPU
		{4205DD6D-549A-4A53-BA33-25BE1F79F31F}.Release|Any CPU.Build.0 = Release|Any CPU
	EndGlobalSection
	GlobalSection(SolutionProperties) = preSolution
		HideSolutionNode = FALSE
	EndGlobalSection
	GlobalSection(ExtensibilityGlobals) = postSolution
		SolutionGuid = {2673D615-92E0-484A-AD22-860233BF5A5F}
	EndGlobalSection
EndGlobal
